<?xml version="1.0" encoding="us-ascii"?>
<ioc xmlns:xsi="http://www.w3.org/2001/XMLSchema-instance" xmlns:xsd="http://www.w3.org/2001/XMLSchema" id="848c515e-7ed5-4485-960d-3a545b4f5eb2" last-modified="2025-09-13T00:40:11" xmlns="http://schemas.mandiant.com/2010/ioc">
  <short_description>Xoofi.shop full</short_description>
  <description>All IPs, DNS records, and extracted site-content indicators from the Xoofi.shop site before it went down. Site has since been taken offline. DNS registry ID: DO14790580-GMO. Also Includes QR code Hashes below</description>
  <authored_by>Leroy Anand</authored_by>
  <authored_date>2025-09-12T23:51:42</authored_date>
  <links />
  <definition>
    <Indicator operator="OR" id="57c51e87-ee63-4a4d-aeb1-4b9f55435872">
      <IndicatorItem id="861e5446-62f2-4cbc-aad2-c96b3f9f83cc" condition="contains">
        <Context document="Network" search="Network/DNS" type="mir" />
        <Content type="string">ns2.dns-parking.com</Content>
      </IndicatorItem>
      <IndicatorItem id="7143f02f-7946-4292-a643-17e2490e11ff" condition="contains">
        <Context document="Network" search="Network/DNS" type="mir" />
        <Content type="string">ns1.dns-parking.com</Content>
      </IndicatorItem>
      <IndicatorItem id="2c206775-a8db-40f9-8d79-f74017f70d22" condition="contains">
        <Context document="DnsEntryItem" search="DnsEntryItem/RecordData/IPv4Address" type="mir" />
        <Content type="IP">37.209.194.4</Content>
      </IndicatorItem>
      <IndicatorItem id="188dc15a-cc94-44f7-81fb-ab13977b41ed" condition="contains">
        <Context document="DnsEntryItem" search="DnsEntryItem/RecordData/IPv4Address" type="mir" />
        <Content type="IP">82.25.120.19</Content>
      </IndicatorItem>
      <IndicatorItem id="44e1e21e-e013-4f7a-aa4a-4a1162073664" condition="contains">
        <Context document="DnsEntryItem" search="DnsEntryItem/Host" type="mir" />
        <Content type="string">xoofi.shop</Content>
      </IndicatorItem>
      <IndicatorItem id="ad2e4412-f18e-4d28-a52c-87821a54dc8e" condition="contains">
        <Context document="Email" search="Email/References" type="mir" />
        <Content type="string">report@abuseradar.com</Content>
      </IndicatorItem>
      <IndicatorItem id="bce50476-ab2d-44a2-8b83-494343985b8e" condition="contains">
        <Context document="Email" search="Email/References" type="mir" />
        <Content type="string">hostmaster@telkomsel.co.id</Content>
      </IndicatorItem>
      <IndicatorItem id="2cb51748-efd5-4b8b-bc62-1c5bc9b81e3f" condition="contains">
        <Context document="Email" search="Email/References" type="mir" />
        <Content type="string">abuse@hostinger.com</Content>
      </IndicatorItem>
      <IndicatorItem id="af7c51f2-1245-4b2a-83c3-2ea6a1a88991" condition="contains">
        <Context document="Url" search="UrlHistoryItem/Url" type="mir" />
        <Content type="string">/cart</Content>
      </IndicatorItem>
      <IndicatorItem id="c9e41276-88e3-4b9a-8b84-7a72c8cbfd42" condition="contains">
        <Context document="Url" search="UrlHistoryItem/Url" type="mir" />
        <Content type="string">/orders.php</Content>
      </IndicatorItem>
      <IndicatorItem id="62e0f6d1-3841-43fc-8a2e-8337ec392d74" condition="contains">
        <Context document="Url" search="UrlHistoryItem/Url" type="mir" />
        <Content type="string">home/product?page=</Content>
      </IndicatorItem>
      <IndicatorItem id="d2fbe927-2e53-469f-81ef-f1a628cd13fd" condition="contains">
        <Context document="Url" search="UrlHistoryItem/Url" type="mir" />
        <Content type="string">connect.facebook.net</Content>
      </IndicatorItem>
      <IndicatorItem id="24d5c8d3-5a9a-4825-9b47-60f8d0f9ffef" condition="contains">
        <Context document="Url" search="UrlHistoryItem/Url" type="mir" />
        <Content type="string">googletagmanager.com</Content>
      </IndicatorItem>
      <IndicatorItem id="58c17748-3c91-4a8a-8f61-bb421a851dd6" condition="contains">
        <Context document="Url" search="UrlHistoryItem/Url" type="mir" />
        <Content type="string">cdnjs.cloudflare.com</Content>
      </IndicatorItem>
      <IndicatorItem id="4c9cbef2-c87e-4858-96f5-2b784787db0f" condition="contains">
        <Context document="Url" search="UrlHistoryItem/Url" type="mir" />
        <Content type="string">xoofi.shop/assets/website/</Content>
      </IndicatorItem>
      <IndicatorItem id="file-md5-4aa5e4ad-fd97-444a-cba1-9f53b1180da9" condition="is">
        <Context document="FileItem" search="FileItem/Md5sum" type="mir" />
        <Content type="md5">4aa5e4adfd97444acba19f53b1180da9</Content>
      </IndicatorItem>
      <IndicatorItem id="file-sha1-35f872c3-653d-1002-a9e3-9eabdff881fc" condition="is">
        <Context document="FileItem" search="FileItem/Sha1sum" type="mir" />
        <Content type="sha1">35f872c3653d1002a9e39eabdff881fc7beca03</Content>
      </IndicatorItem>
      <IndicatorItem id="file-sha256-49be5659-d853-8379-7f1f-f4017e39c916" condition="is">
        <Context document="FileItem" search="FileItem/Sha256sum" type="mir" />
        <Content type="sha256">49be5659d85383797f1ff4017e39c916111d63d2c11129f6c79b68c9feaffefe</Content>
      </IndicatorItem>
    </Indicator>
  </definition>
</ioc>